
Microsoft Visual Studio Solution File, Format Version 11.00
# Visual Studio 2010
Project("{FAE04EC0-301F-11D3-BF4B-00C04F79EFBC}") = "AutoTeamPlus", "AutoTeamPlus\AutoTeamPlus.csproj", "{CEF13607-52FF-463B-B893-0F3A15A1D894}"
EndProject
Global
	GlobalSection(SolutionConfigurationPlatforms) = preSolution
		Debug|Any CPU = Debug|Any CPU
		Release|Any CPU = Release|Any CPU
	EndGlobalSection
	GlobalSection(ProjectConfigurationPlatforms) = postSolution
		{CEF13607-52FF-463B-B893-0F3A15A1D894}.Debug|Any CPU.ActiveCfg = Debug|Any CPU
		{CEF13607-52FF-463B-B893-0F3A15A1D894}.Debug|Any CPU.Build.0 = Debug|Any CPU
		{CEF13607-52FF-463B-B893-0F3A15A1D894}.Release|Any CPU.ActiveCfg = Release|Any CPU
		{CEF13607-52FF-463B-B893-0F3A15A1D894}.Release|Any CPU.Build.0 = Release|Any CPU
	EndGlobalSection
	GlobalSection(SolutionProperties) = preSolution
		HideSolutionNode = FALSE
	EndGlobalSection
EndGlobal
